
Microsoft Visual Studio Solution File, Format Version 12.00
# Visual Studio Version 16
VisualStudioVersion = 16.0.29306.81
MinimumVisualStudioVersion = 10.0.40219.1
Project("{FAE04EC0-301F-11D3-BF4B-00C04F79EFBC}") = "CourseWork", "CourseWork\CourseWork.csproj", "{495264F8-25BC-4935-9A49-02305E432C04}"
EndProject
Project("{FAE04EC0-301F-11D3-BF4B-00C04F79EFBC}") = "InsertionSortLib", "InsertionSortLib\InsertionSortLib.csproj", "{47A2A55D-2FB3-4F33-A9EE-CAC669835604}"
EndProject
Project("{FAE04EC0-301F-11D3-BF4B-00C04F79EFBC}") = "ConsoleDevTool", "ConsoleDevTool\ConsoleDevTool.csproj", "{76B02C64-42B8-4A99-A1C3-FC059209DAB4}"
EndProject
Global
	GlobalSection(SolutionConfigurationPlatforms) = preSolution
		Debug|Any CPU = Debug|Any CPU
		Release|Any CPU = Release|Any CPU
	EndGlobalSection
	GlobalSection(ProjectConfigurationPlatforms) = postSolution
		{495264F8-25BC-4935-9A49-02305E432C04}.Debug|Any CPU.ActiveCfg = Debug|Any CPU
		{495264F8-25BC-4935-9A49-02305E432C04}.Debug|Any CPU.Build.0 = Debug|Any CPU
		{495264F8-25BC-4935-9A49-02305E432C04}.Release|Any CPU.ActiveCfg = Release|Any CPU
		{495264F8-25BC-4935-9A49-02305E432C04}.Release|Any CPU.Build.0 = Release|Any CPU
		{47A2A55D-2FB3-4F33-A9EE-CAC669835604}.Debug|Any CPU.ActiveCfg = Debug|Any CPU
		{47A2A55D-2FB3-4F33-A9EE-CAC669835604}.Debug|Any CPU.Build.0 = Debug|Any CPU
		{47A2A55D-2FB3-4F33-A9EE-CAC669835604}.Release|Any CPU.ActiveCfg = Release|Any CPU
		{47A2A55D-2FB3-4F33-A9EE-CAC669835604}.Release|Any CPU.Build.0 = Release|Any CPU
		{76B02C64-42B8-4A99-A1C3-FC059209DAB4}.Debug|Any CPU.ActiveCfg = Debug|Any CPU
		{76B02C64-42B8-4A99-A1C3-FC059209DAB4}.Debug|Any CPU.Build.0 = Debug|Any CPU
		{76B02C64-42B8-4A99-A1C3-FC059209DAB4}.Release|Any CPU.ActiveCfg = Release|Any CPU
		{76B02C64-42B8-4A99-A1C3-FC059209DAB4}.Release|Any CPU.Build.0 = Release|Any CPU
	EndGlobalSection
	GlobalSection(SolutionProperties) = preSolution
		HideSolutionNode = FALSE
	EndGlobalSection
	GlobalSection(ExtensibilityGlobals) = postSolution
		SolutionGuid = {856EF1C9-32CD-4223-A055-BF34F5E99E3C}
	EndGlobalSection
EndGlobal
